
Microsoft Visual Studio Solution File, Format Version 12.00
# Visual Studio Version 17
VisualStudioVersion = 17.14.36429.23
MinimumVisualStudioVersion = 10.0.40219.1
Project("{2150E333-8FDC-42A3-9474-1A3956D46DE8}") = "API", "API", "{02EA681E-C7D8-13C7-8484-4AC65E1B71E8}"
EndProject
Project("{2150E333-8FDC-42A3-9474-1A3956D46DE8}") = "Core", "Core", "{3430206E-2AA2-4011-8A00-418CF67CC5E0}"
EndProject
Project("{2150E333-8FDC-42A3-9474-1A3956D46DE8}") = "Infrastructure", "Infrastructure", "{32FB1FAF-77D9-407A-A86A-014D3687BF77}"
EndProject
Project("{2150E333-8FDC-42A3-9474-1A3956D46DE8}") = "Tests", "Tests", "{164E8B98-099F-4B44-B98C-06302DF8D2F0}"
EndProject
Project("{FAE04EC0-301F-11D3-BF4B-00C04F79EFBC}") = "CleanTeeth.Domain", "CleanTeeth.Domain\CleanTeeth.Domain.csproj", "{3ED87B48-BD56-4033-B5FF-6F2C34C5AB74}"
EndProject
Project("{FAE04EC0-301F-11D3-BF4B-00C04F79EFBC}") = "CleanTeeth.MsTests", "CleanTeeth.Tests\CleanTeeth.MsTests.csproj", "{5AC0216C-9B6E-45B1-8C99-9FD595533BE7}"
EndProject
Project("{FAE04EC0-301F-11D3-BF4B-00C04F79EFBC}") = "CleanTeeth.Application", "CleanTeeth.Application\CleanTeeth.Application.csproj", "{F6987A76-94CB-4825-96E5-95A1FFF7466F}"
EndProject
Project("{FAE04EC0-301F-11D3-BF4B-00C04F79EFBC}") = "CleanTeeth.Persistence", "CleanTeeth.Persistence\CleanTeeth.Persistence.csproj", "{764684DC-572D-4296-B749-F1BC903E2BEF}"
EndProject
Global
	GlobalSection(SolutionConfigurationPlatforms) = preSolution
		Debug|Any CPU = Debug|Any CPU
		Release|Any CPU = Release|Any CPU
	EndGlobalSection
	GlobalSection(ProjectConfigurationPlatforms) = postSolution
		{3ED87B48-BD56-4033-B5FF-6F2C34C5AB74}.Debug|Any CPU.ActiveCfg = Debug|Any CPU
		{3ED87B48-BD56-4033-B5FF-6F2C34C5AB74}.Debug|Any CPU.Build.0 = Debug|Any CPU
		{3ED87B48-BD56-4033-B5FF-6F2C34C5AB74}.Release|Any CPU.ActiveCfg = Release|Any CPU
		{3ED87B48-BD56-4033-B5FF-6F2C34C5AB74}.Release|Any CPU.Build.0 = Release|Any CPU
		{5AC0216C-9B6E-45B1-8C99-9FD595533BE7}.Debug|Any CPU.ActiveCfg = Debug|Any CPU
		{5AC0216C-9B6E-45B1-8C99-9FD595533BE7}.Debug|Any CPU.Build.0 = Debug|Any CPU
		{5AC0216C-9B6E-45B1-8C99-9FD595533BE7}.Release|Any CPU.ActiveCfg = Release|Any CPU
		{5AC0216C-9B6E-45B1-8C99-9FD595533BE7}.Release|Any CPU.Build.0 = Release|Any CPU
		{F6987A76-94CB-4825-96E5-95A1FFF7466F}.Debug|Any CPU.ActiveCfg = Debug|Any CPU
		{F6987A76-94CB-4825-96E5-95A1FFF7466F}.Debug|Any CPU.Build.0 = Debug|Any CPU
		{F6987A76-94CB-4825-96E5-95A1FFF7466F}.Release|Any CPU.ActiveCfg = Release|Any CPU
		{F6987A76-94CB-4825-96E5-95A1FFF7466F}.Release|Any CPU.Build.0 = Release|Any CPU
		{764684DC-572D-4296-B749-F1BC903E2BEF}.Debug|Any CPU.ActiveCfg = Debug|Any CPU
		{764684DC-572D-4296-B749-F1BC903E2BEF}.Debug|Any CPU.Build.0 = Debug|Any CPU
		{764684DC-572D-4296-B749-F1BC903E2BEF}.Release|Any CPU.ActiveCfg = Release|Any CPU
		{764684DC-572D-4296-B749-F1BC903E2BEF}.Release|Any CPU.Build.0 = Release|Any CPU
	EndGlobalSection
	GlobalSection(SolutionProperties) = preSolution
		HideSolutionNode = FALSE
	EndGlobalSection
	GlobalSection(NestedProjects) = preSolution
		{3ED87B48-BD56-4033-B5FF-6F2C34C5AB74} = {3430206E-2AA2-4011-8A00-418CF67CC5E0}
		{5AC0216C-9B6E-45B1-8C99-9FD595533BE7} = {164E8B98-099F-4B44-B98C-06302DF8D2F0}
		{F6987A76-94CB-4825-96E5-95A1FFF7466F} = {3430206E-2AA2-4011-8A00-418CF67CC5E0}
		{764684DC-572D-4296-B749-F1BC903E2BEF} = {32FB1FAF-77D9-407A-A86A-014D3687BF77}
	EndGlobalSection
	GlobalSection(ExtensibilityGlobals) = postSolution
		SolutionGuid = {4D413B84-0B2E-4A9A-8A7E-292D98AB15D7}
	EndGlobalSection
EndGlobal
